
Microsoft Visual Studio Solution File, Format Version 12.00
# Visual Studio 15
VisualStudioVersion = 15.0.27004.2010
MinimumVisualStudioVersion = 10.0.40219.1
Project("{9A19103F-16F7-4668-BE54-9A1E7A4F7556}") = "DTM.Core", "DTM.Core\DTM.Core.csproj", "{498A49D1-04F7-415E-88E9-97D2DA5A4FB4}"
	ProjectSection(ProjectDependencies) = postProject
		{5F03D7F6-EEE9-463B-BA72-3A0C0EB82780} = {5F03D7F6-EEE9-463B-BA72-3A0C0EB82780}
	EndProjectSection
EndProject
Project("{9A19103F-16F7-4668-BE54-9A1E7A4F7556}") = "RpgManager.Core", "RpgManager.Core\RpgManager.Core.csproj", "{5F03D7F6-EEE9-463B-BA72-3A0C0EB82780}"
EndProject
Project("{9A19103F-16F7-4668-BE54-9A1E7A4F7556}") = "DemonTaleManager.Web", "DemonTaleManager.Web\DemonTaleManager.Web.csproj", "{DE1485F9-2B27-4ABB-A412-C52D08ED83E8}"
EndProject
Global
	GlobalSection(SolutionConfigurationPlatforms) = preSolution
		Debug|Any CPU = Debug|Any CPU
		Release|Any CPU = Release|Any CPU
	EndGlobalSection
	GlobalSection(ProjectConfigurationPlatforms) = postSolution
		{498A49D1-04F7-415E-88E9-97D2DA5A4FB4}.Debug|Any CPU.ActiveCfg = Debug|Any CPU
		{498A49D1-04F7-415E-88E9-97D2DA5A4FB4}.Debug|Any CPU.Build.0 = Debug|Any CPU
		{498A49D1-04F7-415E-88E9-97D2DA5A4FB4}.Release|Any CPU.ActiveCfg = Release|Any CPU
		{498A49D1-04F7-415E-88E9-97D2DA5A4FB4}.Release|Any CPU.Build.0 = Release|Any CPU
		{5F03D7F6-EEE9-463B-BA72-3A0C0EB82780}.Debug|Any CPU.ActiveCfg = Debug|Any CPU
		{5F03D7F6-EEE9-463B-BA72-3A0C0EB82780}.Debug|Any CPU.Build.0 = Debug|Any CPU
		{5F03D7F6-EEE9-463B-BA72-3A0C0EB82780}.Release|Any CPU.ActiveCfg = Release|Any CPU
		{5F03D7F6-EEE9-463B-BA72-3A0C0EB82780}.Release|Any CPU.Build.0 = Release|Any CPU
		{DE1485F9-2B27-4ABB-A412-C52D08ED83E8}.Debug|Any CPU.ActiveCfg = Debug|Any CPU
		{DE1485F9-2B27-4ABB-A412-C52D08ED83E8}.Debug|Any CPU.Build.0 = Debug|Any CPU
		{DE1485F9-2B27-4ABB-A412-C52D08ED83E8}.Release|Any CPU.ActiveCfg = Release|Any CPU
		{DE1485F9-2B27-4ABB-A412-C52D08ED83E8}.Release|Any CPU.Build.0 = Release|Any CPU
	EndGlobalSection
	GlobalSection(SolutionProperties) = preSolution
		HideSolutionNode = FALSE
	EndGlobalSection
	GlobalSection(ExtensibilityGlobals) = postSolution
		SolutionGuid = {A2AEF99E-B951-4FFB-887B-FF131D7ADADA}
	EndGlobalSection
EndGlobal
